
Microsoft Visual Studio Solution File, Format Version 12.00
# Visual Studio 15
VisualStudioVersion = 15.0.28307.705
MinimumVisualStudioVersion = 10.0.40219.1
Project("{FAE04EC0-301F-11D3-BF4B-00C04F79EFBC}") = "RestaurantAutomation", "RestaurantAutomation\RestaurantAutomation.csproj", "{FB3F1CA5-3CB0-4099-9753-F189374137F5}"
EndProject
Project("{FAE04EC0-301F-11D3-BF4B-00C04F79EFBC}") = "RestaurantAutomationTests", "RestaurantAutomationTests\RestaurantAutomationTests.csproj", "{91D05FF6-AF47-45C6-8EE8-020D6A47B1E6}"
EndProject
Global
	GlobalSection(SolutionConfigurationPlatforms) = preSolution
		Debug|Any CPU = Debug|Any CPU
		Release|Any CPU = Release|Any CPU
	EndGlobalSection
	GlobalSection(ProjectConfigurationPlatforms) = postSolution
		{FB3F1CA5-3CB0-4099-9753-F189374137F5}.Debug|Any CPU.ActiveCfg = Debug|Any CPU
		{FB3F1CA5-3CB0-4099-9753-F189374137F5}.Debug|Any CPU.Build.0 = Debug|Any CPU
		{FB3F1CA5-3CB0-4099-9753-F189374137F5}.Release|Any CPU.ActiveCfg = Release|Any CPU
		{FB3F1CA5-3CB0-4099-9753-F189374137F5}.Release|Any CPU.Build.0 = Release|Any CPU
		{91D05FF6-AF47-45C6-8EE8-020D6A47B1E6}.Debug|Any CPU.ActiveCfg = Debug|Any CPU
		{91D05FF6-AF47-45C6-8EE8-020D6A47B1E6}.Debug|Any CPU.Build.0 = Debug|Any CPU
		{91D05FF6-AF47-45C6-8EE8-020D6A47B1E6}.Release|Any CPU.ActiveCfg = Release|Any CPU
		{91D05FF6-AF47-45C6-8EE8-020D6A47B1E6}.Release|Any CPU.Build.0 = Release|Any CPU
	EndGlobalSection
	GlobalSection(SolutionProperties) = preSolution
		HideSolutionNode = FALSE
	EndGlobalSection
	GlobalSection(ExtensibilityGlobals) = postSolution
		SolutionGuid = {000C2423-47CD-41B2-B06B-A32F1FE30FC5}
	EndGlobalSection
EndGlobal
